
Microsoft Visual Studio Solution File, Format Version 12.00
# Visual Studio Version 17
VisualStudioVersion = 17.13.35931.197
MinimumVisualStudioVersion = 10.0.40219.1
Project("{FAE04EC0-301F-11D3-BF4B-00C04F79EFBC}") = "AnimeApp", "AnimeApp\AnimeApp.csproj", "{AD89FD7D-B19E-4D24-B633-5A62E43E94C6}"
EndProject
Global
	GlobalSection(SolutionConfigurationPlatforms) = preSolution
		Debug|Any CPU = Debug|Any CPU
		Release|Any CPU = Release|Any CPU
	EndGlobalSection
	GlobalSection(ProjectConfigurationPlatforms) = postSolution
		{AD89FD7D-B19E-4D24-B633-5A62E43E94C6}.Debug|Any CPU.ActiveCfg = Debug|Any CPU
		{AD89FD7D-B19E-4D24-B633-5A62E43E94C6}.Debug|Any CPU.Build.0 = Debug|Any CPU
		{AD89FD7D-B19E-4D24-B633-5A62E43E94C6}.Debug|Any CPU.Deploy.0 = Debug|Any CPU
		{AD89FD7D-B19E-4D24-B633-5A62E43E94C6}.Release|Any CPU.ActiveCfg = Release|Any CPU
		{AD89FD7D-B19E-4D24-B633-5A62E43E94C6}.Release|Any CPU.Build.0 = Release|Any CPU
	EndGlobalSection
	GlobalSection(SolutionProperties) = preSolution
		HideSolutionNode = FALSE
	EndGlobalSection
	GlobalSection(ExtensibilityGlobals) = postSolution
		SolutionGuid = {3C5BBBEA-40DE-4A4B-8865-835812B9F16D}
	EndGlobalSection
EndGlobal
